<?xml version="1.0" encoding="utf-8"?>
<Project ToolsVersion="4.0" xmlns="http://schemas.microsoft.com/developer/msbuild/2003">
  <ItemGroup>
    <Filter Include="Source Files">
      <UniqueIdentifier>{4FC737F1-C7A5-4376-A066-2A32D752A2FF}</UniqueIdentifier>
      <Extensions>cpp;c;cc;cxx;def;odl;idl;hpj;bat;asm;asmx</Extensions>
    </Filter>
    <Filter Include="Header Files">
      <UniqueIdentifier>{93995380-89BD-4b04-88EB-625FBE52EBFB}</UniqueIdentifier>
      <Extensions>h;hpp;hxx;hm;inl;inc;xsd</Extensions>
    </Filter>
    <Filter Include="Resource Files">
      <UniqueIdentifier>{67DA6AB6-F800-4c08-8B7A-83BB121AAD01}</UniqueIdentifier>
      <Extensions>rc;ico;cur;bmp;dlg;rc2;rct;bin;rgs;gif;jpg;jpeg;jpe;resx;tiff;tif;png;wav;mfcribbon-ms</Extensions>
    </Filter>
  </ItemGroup>
  <ItemGroup>
    <ClInclude Include="Timer.h">
      <Filter>Header Files</Filter>
    </ClInclude>
    <ClInclude Include="Resourcemanager.h">
      <Filter>Header Files</Filter>
    </ClInclude>
    <ClInclude Include="Player.h">
      <Filter>Header Files</Filter>
    </ClInclude>
    <ClInclude Include="Vektor.h">
      <Filter>Header Files</Filter>
    </ClInclude>
    <ClInclude Include="Menue.h">
      <Filter>Header Files</Filter>
    </ClInclude>
    <ClInclude Include="LevelSegment.h">
      <Filter>Header Files</Filter>
    </ClInclude>
    <ClInclude Include="World.h">
      <Filter>Header Files</Filter>
    </ClInclude>
    <ClInclude Include="globals.h">
      <Filter>Header Files</Filter>
    </ClInclude>
    <ClInclude Include="Enemy.h">
      <Filter>Header Files</Filter>
    </ClInclude>
    <ClInclude Include="Princess.h">
      <Filter>Header Files</Filter>
    </ClInclude>
    <ClInclude Include="Crazy_enemy.h">
      <Filter>Header Files</Filter>
    </ClInclude>
    <ClInclude Include="Verrückter.h">
      <Filter>Header Files</Filter>
    </ClInclude>
  </ItemGroup>
  <ItemGroup>
    <ClCompile Include="Timer.cpp">
      <Filter>Resource Files</Filter>
    </ClCompile>
    <ClCompile Include="Resourcemanager.cpp">
      <Filter>Resource Files</Filter>
    </ClCompile>
    <ClCompile Include="Player.cpp">
      <Filter>Resource Files</Filter>
    </ClCompile>
    <ClCompile Include="main.cpp">
      <Filter>Resource Files</Filter>
    </ClCompile>
    <ClCompile Include="Menue.cpp">
      <Filter>Resource Files</Filter>
    </ClCompile>
    <ClCompile Include="World.cpp">
      <Filter>Resource Files</Filter>
    </ClCompile>
    <ClCompile Include="LevelSegment.cpp">
      <Filter>Resource Files</Filter>
    </ClCompile>
    <ClCompile Include="Enemy.cpp">
      <Filter>Resource Files</Filter>
    </ClCompile>
    <ClCompile Include="Princess.cpp">
      <Filter>Resource Files</Filter>
    </ClCompile>
    <ClCompile Include="Crazy_enemy.cpp">
      <Filter>Resource Files</Filter>
    </ClCompile>
    <ClCompile Include="Verrückter.cpp">
      <Filter>Resource Files</Filter>
    </ClCompile>
  </ItemGroup>
</Project>